# THIS IS AN AUTOGENERATED FILE. DO NOT EDIT THIS FILE DIRECTLY.
# yarn lockfile v1


wabt@^1.0.27:
  version "1.0.27"
  resolved "https://registry.npm.alibaba-inc.com/wabt/download/wabt-1.0.27.tgz#1ceaf3249d6cd00681f3bec42fdfc86dadcb05a9"
  integrity sha512-epKSgf60WIwTItioDQFsjixtpTXUxPOlUIXiKA7b/VYQS1OynXftATYULmtBClAbBYdXkfmCIW9JDOIbuk2NrA==
